// !$*UTF8*$!
{
	archiveVersion = 1;
	classes = {
	};
	objectVersion = 50;
	objects = {

/* Begin PBXBuildFile section */
		DB7488FA24C1E0BF0021DAA0 /* AppDelegate.swift in Sources */ = {isa = PBXBuildFile; fileRef = DB7488F924C1E0BF0021DAA0 /* AppDelegate.swift */; };
		DB7488FC24C1E0BF0021DAA0 /* SceneDelegate.swift in Sources */ = {isa = PBXBuildFile; fileRef = DB7488FB24C1E0BF0021DAA0 /* SceneDelegate.swift */; };
		DB7488FE24C1E0BF0021DAA0 /* ViewController.swift in Sources */ = {isa = PBXBuildFile; fileRef = DB7488FD24C1E0BF0021DAA0 /* ViewController.swift */; };
		DB74890124C1E0BF0021DAA0 /* Main.storyboard in Resources */ = {isa = PBXBuildFile; fileRef = DB7488FF24C1E0BF0021DAA0 /* Main.storyboard */; };
		DB74890324C1E0C00021DAA0 /* Assets.xcassets in Resources */ = {isa = PBXBuildFile; fileRef = DB74890224C1E0C00021DAA0 /* Assets.xcassets */; };
		DB74890624C1E0C00021DAA0 /* LaunchScreen.storyboard in Resources */ = {isa = PBXBuildFile; fileRef = DB74890424C1E0C00021DAA0 /* LaunchScreen.storyboard */; };
/* End PBXBuildFile section */

/* Begin PBXFileReference section */
		DB7488F624C1E0BF0021DAA0 /* slideShowApp.app */ = {isa = PBXFileReference; explicitFileType = wrapper.application; includeInIndex = 0; path = slideShowApp.app; sourceTree = BUILT_PRODUCTS_DIR; };
		DB7488F924C1E0BF0021DAA0 /* AppDelegate.swift */ = {isa = PBXFileReference; lastKnownFileType = sourcecode.swift; path = AppDelegate.swift; sourceTree = "<group>"; };
		DB7488FB24C1E0BF0021DAA0 /* SceneDelegate.swift */ = {isa = PBXFileReference; lastKnownFileType = sourcecode.swift; path = SceneDelegate.swift; sourceTree = "<group>"; };
		DB7488FD24C1E0BF0021DAA0 /* ViewController.swift */ = {isa = PBXFileReference; lastKnownFileType = sourcecode.swift; path = ViewController.swift; sourceTree = "<group>"; };
		DB74890024C1E0BF0021DAA0 /* Base */ = {isa = PBXFileReference; lastKnownFileType = file.storyboard; name = Base; path = Base.lproj/Main.storyboard; sourceTree = "<group>"; };
		DB74890224C1E0C00021DAA0 /* Assets.xcassets */ = {isa = PBXFileReference; lastKnownFileType = folder.assetcatalog; path = Assets.xcassets; sourceTree = "<group>"; };
		DB74890524C1E0C00021DAA0 /* Base */ = {isa = PBXFileReference; lastKnownFileType = file.storyboard; name = Base; path = Base.lproj/LaunchScreen.storyboard; sourceTree = "<group>"; };
		DB74890724C1E0C00021DAA0 /* Info.plist */ = {isa = PBXFileReference; lastKnownFileType = text.plist.xml; path = Info.plist; sourceTree = "<group>"; };
/* End PBXFileReference section */

/* Begin PBXFrameworksBuildPhase section */
		DB7488F324C1E0BF0021DAA0 /* Frameworks */ = {
			isa = PBXFrameworksBuildPhase;
			buildActionMask = 2147483647;
			files = (
			);
			runOnlyForDeploymentPostprocessing = 0;
		};
/* End PBXFrameworksBuildPhase section */

/* Begin PBXGroup section */
		DB7488ED24C1E0BF0021DAA0 = {
			isa = PBXGroup;
			children = (
				DB7488F824C1E0BF0021DAA0 /* slideShowApp */,
				DB7488F724C1E0BF0021DAA0 /* Products */,
			);
			sourceTree = "<group>";
		};
		DB7488F724C1E0BF0021DAA0 /* Products */ = {
			isa = PBXGroup;
			children = (
				DB7488F624C1E0BF0021DAA0 /* slideShowApp.app */,
			);
			name = Products;
			sourceTree = "<group>";
		};
		DB7488F824C1E0BF0021DAA0 /* slideShowApp */ = {
			isa = PBXGroup;
			children = (
				DB7488F924C1E0BF0021DAA0 /* AppDelegate.swift */,
				DB7488FB24C1E0BF0021DAA0 /* SceneDelegate.swift */,
				DB7488FD24C1E0BF0021DAA0 /* ViewController.swift */,
				DB7488FF24C1E0BF0021DAA0 /* Main.storyboard */,
				DB74890224C1E0C00021DAA0 /* Assets.xcassets */,
				DB74890424C1E0C00021DAA0 /* LaunchScreen.storyboard */,
				DB74890724C1E0C00021DAA0 /* Info.plist */,
			);
			path = slideShowApp;
			sourceTree = "<group>";
		};
/* End PBXGroup section */

/* Begin PBXNativeTarget section */
		DB7488F524C1E0BF0021DAA0 /* slideShowApp */ = {
			isa = PBXNativeTarget;
			buildConfigurationList = DB74890A24C1E0C00021DAA0 /* Build configuration list for PBXNativeTarget "slideShowApp" */;
			buildPhases = (
				DB7488F224C1E0BF0021DAA0 /* Sources */,
				DB7488F324C1E0BF0021DAA0 /* Frameworks */,
				DB7488F424C1E0BF0021DAA0 /* Resources */,
			);
			buildRules = (
			);
			dependencies = (
			);
			name = slideShowApp;
			productName = slideShowApp;
			productReference = DB7488F624C1E0BF0021DAA0 /* slideShowApp.app */;
			productType = "com.apple.product-type.application";
		};
/* End PBXNativeTarget section */

/* Begin PBXProject section */
		DB7488EE24C1E0BF0021DAA0 /* Project object */ = {
			isa = PBXProject;
			attributes = {
				LastSwiftUpdateCheck = 1150;
				LastUpgradeCheck = 1150;
				ORGANIZATIONNAME = "井上知貴";
				TargetAttributes = {
					DB7488F524C1E0BF0021DAA0 = {
						CreatedOnToolsVersion = 11.5;
					};
				};
			};
			buildConfigurationList = DB7488F124C1E0BF0021DAA0 /* Build configuration list for PBXProject "slideShowApp" */;
			compatibilityVersion = "Xcode 9.3";
			developmentRegion = en;
			hasScannedForEncodings = 0;
			knownRegions = (
				en,
				Base,
			);
			mainGroup = DB7488ED24C1E0BF0021DAA0;
			productRefGroup = DB7488F724C1E0BF0021DAA0 /* Products */;
			projectDirPath = "";
			projectRoot = "";
			targets = (
				DB7488F524C1E0BF0021DAA0 /* slideShowApp */,
			);
		};
/* End PBXProject section */

/* Begin PBXResourcesBuildPhase section */
		DB7488F424C1E0BF0021DAA0 /* Resources */ = {
			isa = PBXResourcesBuildPhase;
			buildActionMask = 2147483647;
			files = (
				DB74890624C1E0C00021DAA0 /* LaunchScreen.storyboard in Resources */,
				DB74890324C1E0C00021DAA0 /* Assets.xcassets in Resources */,
				DB74890124C1E0BF0021DAA0 /* Main.storyboard in Resources */,
			);
			runOnlyForDeploymentPostprocessing = 0;
		};
/* End PBXResourcesBuildPhase section */

/* Begin PBXSourcesBuildPhase section */
		DB7488F224C1E0BF0021DAA0 /* Sources */ = {
			isa = PBXSourcesBuildPhase;
			buildActionMask = 2147483647;
			files = (
				DB7488FE24C1E0BF0021DAA0 /* ViewController.swift in Sources */,
				DB7488FA24C1E0BF0021DAA0 /* AppDelegate.swift in Sources */,
				DB7488FC24C1E0BF0021DAA0 /* SceneDelegate.swift in Sources */,
			);
			runOnlyForDeploymentPostprocessing = 0;
		};
/* End PBXSourcesBuildPhase section */

/* Begin PBXVariantGroup section */
		DB7488FF24C1E0BF0021DAA0 /* Main.storyboard */ = {
			isa = PBXVariantGroup;
			children = (
				DB74890024C1E0BF0021DAA0 /* Base */,
			);
			name = Main.storyboard;
			sourceTree = "<group>";
		};
		DB74890424C1E0C00021DAA0 /* LaunchScreen.storyboard */ = {
			isa = PBXVariantGroup;
			children = (
				DB74890524C1E0C00021DAA0 /* Base */,
			);
			name = LaunchScreen.storyboard;
			sourceTree = "<group>";
		};
/* End PBXVariantGroup section */

/* Begin XCBuildConfiguration section */
		DB74890824C1E0C00021DAA0 /* Debug */ = {
			isa = XCBuildConfiguration;
			buildSettings = {
				ALWAYS_SEARCH_USER_PATHS = NO;
				CLANG_ANALYZER_NONNULL = YES;
				CLANG_ANALYZER_NUMBER_OBJECT_CONVERSION = YES_AGGRESSIVE;
				CLANG_CXX_LANGUAGE_STANDARD = "gnu++14";
				CLANG_CXX_LIBRARY = "libc++";
				CLANG_ENABLE_MODULES = YES;
				CLANG_ENABLE_OBJC_ARC = YES;
				CLANG_ENABLE_OBJC_WEAK = YES;
				CLANG_WARN_BLOCK_CAPTURE_AUTORELEASING = YES;
				CLANG_WARN_BOOL_CONVERSION = YES;
				CLANG_WARN_COMMA = YES;
				CLANG_WARN_CONSTANT_CONVERSION = YES;
				CLANG_WARN_DEPRECATED_OBJC_IMPLEMENTATIONS = YES;
				CLANG_WARN_DIRECT_OBJC_ISA_USAGE = YES_ERROR;
				CLANG_WARN_DOCUMENTATION_COMMENTS = YES;
				CLANG_WARN_EMPTY_BODY = YES;
				CLANG_WARN_ENUM_CONVERSION = YES;
				CLANG_WARN_INFINITE_RECURSION = YES;
				CLANG_WARN_INT_CONVERSION = YES;
				CLANG_WARN_NON_LITERAL_NULL_CONVERSION = YES;
				CLANG_WARN_OBJC_IMPLICIT_RETAIN_SELF = YES;
				CLANG_WARN_OBJC_LITERAL_CONVERSION = YES;
				CLANG_WARN_OBJC_ROOT_CLASS = YES_ERROR;
				CLANG_WARN_RANGE_LOOP_ANALYSIS = YES;
				CLANG_WARN_STRICT_PROTOTYPES = YES;
				CLANG_WARN_SUSPICIOUS_MOVE = YES;
				CLANG_WARN_UNGUARDED_AVAILABILITY = YES_AGGRESSIVE;
				CLANG_WARN_UNREACHABLE_CODE = YES;
				CLANG_WARN__DUPLICATE_METHOD_MATCH = YES;
				COPY_PHASE_STRIP = NO;
				DEBUG_INFORMATION_FORMAT = dwarf;
				ENABLE_STRICT_OBJC_MSGSEND = YES;
				ENABLE_TESTABILITY = YES;
				GCC_C_LANGUAGE_STANDARD = gnu11;
				GCC_DYNAMIC_NO_PIC = NO;
				GCC_NO_COMMON_BLOCKS = YES;
				GCC_OPTIMIZATION_LEVEL = 0;
				GCC_PREPROCESSOR_DEFINITIONS = (
					"DEBUG=1",
					"$(inherited)",
				);
				GCC_WARN_64_TO_32_BIT_CONVERSION = YES;
				GCC_WARN_ABOUT_RETURN_TYPE = YES_ERROR;
				GCC_WARN_UNDECLARED_SELECTOR = YES;
				GCC_WARN_UNINITIALIZED_AUTOS = YES_AGGRESSIVE;
				GCC_WARN_UNUSED_FUNCTION = YES;
				GCC_WARN_UNUSED_VARIABLE = YES;
				IPHONEOS_DEPLOYMENT_TARGET = 13.5;
				MTL_ENABLE_DEBUG_INFO = INCLUDE_SOURCE;
				MTL_FAST_MATH = YES;
				ONLY_ACTIVE_ARCH = YES;
				SDKROOT = iphoneos;
				SWIFT_ACTIVE_COMPILATION_CONDITIONS = DEBUG;
				SWIFT_OPTIMIZATION_LEVEL = "-Onone";
			};
			name = Debug;
		};
		DB74890924C1E0C00021DAA0 /* Release */ = {
			isa = XCBuildConfiguration;
			buildSettings = {
				ALWAYS_SEARCH_USER_PATHS = NO;
				CLANG_ANALYZER_NONNULL = YES;
				CLANG_ANALYZER_NUMBER_OBJECT_CONVERSION = YES_AGGRESSIVE;
				CLANG_CXX_LANGUAGE_STANDARD = "gnu++14";
				CLANG_CXX_LIBRARY = "libc++";
				CLANG_ENABLE_MODULES = YES;
				CLANG_ENABLE_OBJC_ARC = YES;
				CLANG_ENABLE_OBJC_WEAK = YES;
				CLANG_WARN_BLOCK_CAPTURE_AUTORELEASING = YES;
				CLANG_WARN_BOOL_CONVERSION = YES;
				CLANG_WARN_COMMA = YES;
				CLANG_WARN_CONSTANT_CONVERSION = YES;
				CLANG_WARN_DEPRECATED_OBJC_IMPLEMENTATIONS = YES;
				CLANG_WARN_DIRECT_OBJC_ISA_USAGE = YES_ERROR;
				CLANG_WARN_DOCUMENTATION_COMMENTS = YES;
				CLANG_WARN_EMPTY_BODY = YES;
				CLANG_WARN_ENUM_CONVERSION = YES;
				CLANG_WARN_INFINITE_RECURSION = YES;
				CLANG_WARN_INT_CONVERSION = YES;
				CLANG_WARN_NON_LITERAL_NULL_CONVERSION = YES;
				CLANG_WARN_OBJC_IMPLICIT_RETAIN_SELF = YES;
				CLANG_WARN_OBJC_LITERAL_CONVERSION = YES;
				CLANG_WARN_OBJC_ROOT_CLASS = YES_ERROR;
				CLANG_WARN_RANGE_LOOP_ANALYSIS = YES;
				CLANG_WARN_STRICT_PROTOTYPES = YES;
				CLANG_WARN_SUSPICIOUS_MOVE = YES;
				CLANG_WARN_UNGUARDED_AVAILABILITY = YES_AGGRESSIVE;
				CLANG_WARN_UNREACHABLE_CODE = YES;
				CLANG_WARN__DUPLICATE_METHOD_MATCH = YES;
				COPY_PHASE_STRIP = NO;
				DEBUG_INFORMATION_FORMAT = "dwarf-with-dsym";
				ENABLE_NS_ASSERTIONS = NO;
				ENABLE_STRICT_OBJC_MSGSEND = YES;
				GCC_C_LANGUAGE_STANDARD = gnu11;
				GCC_NO_COMMON_BLOCKS = YES;
				GCC_WARN_64_TO_32_BIT_CONVERSION = YES;
				GCC_WARN_ABOUT_RETURN_TYPE = YES_ERROR;
				GCC_WARN_UNDECLARED_SELECTOR = YES;
				GCC_WARN_UNINITIALIZED_AUTOS = YES_AGGRESSIVE;
				GCC_WARN_UNUSED_FUNCTION = YES;
				GCC_WARN_UNUSED_VARIABLE = YES;
				IPHONEOS_DEPLOYMENT_TARGET = 13.5;
				MTL_ENABLE_DEBUG_INFO = NO;
				MTL_FAST_MATH = YES;
				SDKROOT = iphoneos;
				SWIFT_COMPILATION_MODE = wholemodule;
				SWIFT_OPTIMIZATION_LEVEL = "-O";
				VALIDATE_PRODUCT = YES;
			};
			name = Release;
		};
		DB74890B24C1E0C00021DAA0 /* Debug */ = {
			isa = XCBuildConfiguration;
			buildSettings = {
				ASSETCATALOG_COMPILER_APPICON_NAME = AppIcon;
				CODE_SIGN_STYLE = Automatic;
				INFOPLIST_FILE = slideShowApp/Info.plist;
				LD_RUNPATH_SEARCH_PATHS = (
					"$(inherited)",
					"@executable_path/Frameworks",
				);
				PRODUCT_BUNDLE_IDENTIFIER = "t-tokyo.slideShowApp";
				PRODUCT_NAME = "$(TARGET_NAME)";
				SWIFT_VERSION = 5.0;
				TARGETED_DEVICE_FAMILY = 1;
			};
			name = Debug;
		};
		DB74890C24C1E0C00021DAA0 /* Release */ = {
			isa = XCBuildConfiguration;
			buildSettings = {
				ASSETCATALOG_COMPILER_APPICON_NAME = AppIcon;
				CODE_SIGN_STYLE = Automatic;
				INFOPLIST_FILE = slideShowApp/Info.plist;
				LD_RUNPATH_SEARCH_PATHS = (
					"$(inherited)",
					"@executable_path/Frameworks",
				);
				PRODUCT_BUNDLE_IDENTIFIER = "t-tokyo.slideShowApp";
				PRODUCT_NAME = "$(TARGET_NAME)";
				SWIFT_VERSION = 5.0;
				TARGETED_DEVICE_FAMILY = 1;
			};
			name = Release;
		};
/* End XCBuildConfiguration section */

/* Begin XCConfigurationList section */
		DB7488F124C1E0BF0021DAA0 /* Build configuration list for PBXProject "slideShowApp" */ = {
			isa = XCConfigurationList;
			buildConfigurations = (
				DB74890824C1E0C00021DAA0 /* Debug */,
				DB74890924C1E0C00021DAA0 /* Release */,
			);
			defaultConfigurationIsVisible = 0;
			defaultConfigurationName = Release;
		};
		DB74890A24C1E0C00021DAA0 /* Build configuration list for PBXNativeTarget "slideShowApp" */ = {
			isa = XCConfigurationList;
			buildConfigurations = (
				DB74890B24C1E0C00021DAA0 /* Debug */,
				DB74890C24C1E0C00021DAA0 /* Release */,
			);
			defaultConfigurationIsVisible = 0;
			defaultConfigurationName = Release;
		};
/* End XCConfigurationList section */
	};
	rootObject = DB7488EE24C1E0BF0021DAA0 /* Project object */;
}
